// !$*UTF8*$!
{
	archiveVersion = 1;
	classes = {
	};
	objectVersion = 46;
	objects = {

/* Begin PBXBuildFile section */
		5CF6E43A1BC406C80066BD75 /* AppDelegate.swift in Sources */ = {isa = PBXBuildFile; fileRef = 5CF6E4391BC406C80066BD75 /* AppDelegate.swift */; };
		5CF6E43C1BC406C80066BD75 /* ViewController.swift in Sources */ = {isa = PBXBuildFile; fileRef = 5CF6E43B1BC406C80066BD75 /* ViewController.swift */; };
		5CF6E43F1BC406C80066BD75 /* Main.storyboard in Resources */ = {isa = PBXBuildFile; fileRef = 5CF6E43D1BC406C80066BD75 /* Main.storyboard */; };
		5CF6E4411BC406C80066BD75 /* Assets.xcassets in Resources */ = {isa = PBXBuildFile; fileRef = 5CF6E4401BC406C80066BD75 /* Assets.xcassets */; };
		5CF6E4441BC406C80066BD75 /* LaunchScreen.storyboard in Resources */ = {isa = PBXBuildFile; fileRef = 5CF6E4421BC406C80066BD75 /* LaunchScreen.storyboard */; };
		5CF6E44F1BC406C80066BD75 /* MuelleAmortiguadoTests.swift in Sources */ = {isa = PBXBuildFile; fileRef = 5CF6E44E1BC406C80066BD75 /* MuelleAmortiguadoTests.swift */; };
		5CF6E45A1BC406C80066BD75 /* MuelleAmortiguadoUITests.swift in Sources */ = {isa = PBXBuildFile; fileRef = 5CF6E4591BC406C80066BD75 /* MuelleAmortiguadoUITests.swift */; };
/* End PBXBuildFile section */

/* Begin PBXContainerItemProxy section */
		5CF6E44B1BC406C80066BD75 /* PBXContainerItemProxy */ = {
			isa = PBXContainerItemProxy;
			containerPortal = 5CF6E42E1BC406C70066BD75 /* Project object */;
			proxyType = 1;
			remoteGlobalIDString = 5CF6E4351BC406C80066BD75;
			remoteInfo = MuelleAmortiguado;
		};
		5CF6E4561BC406C80066BD75 /* PBXContainerItemProxy */ = {
			isa = PBXContainerItemProxy;
			containerPortal = 5CF6E42E1BC406C70066BD75 /* Project object */;
			proxyType = 1;
			remoteGlobalIDString = 5CF6E4351BC406C80066BD75;
			remoteInfo = MuelleAmortiguado;
		};
/* End PBXContainerItemProxy section */

/* Begin PBXFileReference section */
		5CF6E4361BC406C80066BD75 /* MuelleAmortiguado.app */ = {isa = PBXFileReference; explicitFileType = wrapper.application; includeInIndex = 0; path = MuelleAmortiguado.app; sourceTree = BUILT_PRODUCTS_DIR; };
		5CF6E4391BC406C80066BD75 /* AppDelegate.swift */ = {isa = PBXFileReference; lastKnownFileType = sourcecode.swift; path = AppDelegate.swift; sourceTree = "<group>"; };
		5CF6E43B1BC406C80066BD75 /* ViewController.swift */ = {isa = PBXFileReference; lastKnownFileType = sourcecode.swift; path = ViewController.swift; sourceTree = "<group>"; };
		5CF6E43E1BC406C80066BD75 /* Base */ = {isa = PBXFileReference; lastKnownFileType = file.storyboard; name = Base; path = Base.lproj/Main.storyboard; sourceTree = "<group>"; };
		5CF6E4401BC406C80066BD75 /* Assets.xcassets */ = {isa = PBXFileReference; lastKnownFileType = folder.assetcatalog; path = Assets.xcassets; sourceTree = "<group>"; };
		5CF6E4431BC406C80066BD75 /* Base */ = {isa = PBXFileReference; lastKnownFileType = file.storyboard; name = Base; path = Base.lproj/LaunchScreen.storyboard; sourceTree = "<group>"; };
		5CF6E4451BC406C80066BD75 /* Info.plist */ = {isa = PBXFileReference; lastKnownFileType = text.plist.xml; path = Info.plist; sourceTree = "<group>"; };
		5CF6E44A1BC406C80066BD75 /* MuelleAmortiguadoTests.xctest */ = {isa = PBXFileReference; explicitFileType = wrapper.cfbundle; includeInIndex = 0; path = MuelleAmortiguadoTests.xctest; sourceTree = BUILT_PRODUCTS_DIR; };
		5CF6E44E1BC406C80066BD75 /* MuelleAmortiguadoTests.swift */ = {isa = PBXFileReference; lastKnownFileType = sourcecode.swift; path = MuelleAmortiguadoTests.swift; sourceTree = "<group>"; };
		5CF6E4501BC406C80066BD75 /* Info.plist */ = {isa = PBXFileReference; lastKnownFileType = text.plist.xml; path = Info.plist; sourceTree = "<group>"; };
		5CF6E4551BC406C80066BD75 /* MuelleAmortiguadoUITests.xctest */ = {isa = PBXFileReference; explicitFileType = wrapper.cfbundle; includeInIndex = 0; path = MuelleAmortiguadoUITests.xctest; sourceTree = BUILT_PRODUCTS_DIR; };
		5CF6E4591BC406C80066BD75 /* MuelleAmortiguadoUITests.swift */ = {isa = PBXFileReference; lastKnownFileType = sourcecode.swift; path = MuelleAmortiguadoUITests.swift; sourceTree = "<group>"; };
		5CF6E45B1BC406C80066BD75 /* Info.plist */ = {isa = PBXFileReference; lastKnownFileType = text.plist.xml; path = Info.plist; sourceTree = "<group>"; };
/* End PBXFileReference section */

/* Begin PBXFrameworksBuildPhase section */
		5CF6E4331BC406C80066BD75 /* Frameworks */ = {
			isa = PBXFrameworksBuildPhase;
			buildActionMask = 2147483647;
			files = (
			);
			runOnlyForDeploymentPostprocessing = 0;
		};
		5CF6E4471BC406C80066BD75 /* Frameworks */ = {
			isa = PBXFrameworksBuildPhase;
			buildActionMask = 2147483647;
			files = (
			);
			runOnlyForDeploymentPostprocessing = 0;
		};
		5CF6E4521BC406C80066BD75 /* Frameworks */ = {
			isa = PBXFrameworksBuildPhase;
			buildActionMask = 2147483647;
			files = (
			);
			runOnlyForDeploymentPostprocessing = 0;
		};
/* End PBXFrameworksBuildPhase section */

/* Begin PBXGroup section */
		5CF6E42D1BC406C70066BD75 = {
			isa = PBXGroup;
			children = (
				5CF6E4381BC406C80066BD75 /* MuelleAmortiguado */,
				5CF6E44D1BC406C80066BD75 /* MuelleAmortiguadoTests */,
				5CF6E4581BC406C80066BD75 /* MuelleAmortiguadoUITests */,
				5CF6E4371BC406C80066BD75 /* Products */,
			);
			sourceTree = "<group>";
		};
		5CF6E4371BC406C80066BD75 /* Products */ = {
			isa = PBXGroup;
			children = (
				5CF6E4361BC406C80066BD75 /* MuelleAmortiguado.app */,
				5CF6E44A1BC406C80066BD75 /* MuelleAmortiguadoTests.xctest */,
				5CF6E4551BC406C80066BD75 /* MuelleAmortiguadoUITests.xctest */,
			);
			name = Products;
			sourceTree = "<group>";
		};
		5CF6E4381BC406C80066BD75 /* MuelleAmortiguado */ = {
			isa = PBXGroup;
			children = (
				5CF6E4391BC406C80066BD75 /* AppDelegate.swift */,
				5CF6E43B1BC406C80066BD75 /* ViewController.swift */,
				5CF6E43D1BC406C80066BD75 /* Main.storyboard */,
				5CF6E4401BC406C80066BD75 /* Assets.xcassets */,
				5CF6E4421BC406C80066BD75 /* LaunchScreen.storyboard */,
				5CF6E4451BC406C80066BD75 /* Info.plist */,
			);
			path = MuelleAmortiguado;
			sourceTree = "<group>";
		};
		5CF6E44D1BC406C80066BD75 /* MuelleAmortiguadoTests */ = {
			isa = PBXGroup;
			children = (
				5CF6E44E1BC406C80066BD75 /* MuelleAmortiguadoTests.swift */,
				5CF6E4501BC406C80066BD75 /* Info.plist */,
			);
			path = MuelleAmortiguadoTests;
			sourceTree = "<group>";
		};
		5CF6E4581BC406C80066BD75 /* MuelleAmortiguadoUITests */ = {
			isa = PBXGroup;
			children = (
				5CF6E4591BC406C80066BD75 /* MuelleAmortiguadoUITests.swift */,
				5CF6E45B1BC406C80066BD75 /* Info.plist */,
			);
			path = MuelleAmortiguadoUITests;
			sourceTree = "<group>";
		};
/* End PBXGroup section */

/* Begin PBXNativeTarget section */
		5CF6E4351BC406C80066BD75 /* MuelleAmortiguado */ = {
			isa = PBXNativeTarget;
			buildConfigurationList = 5CF6E45E1BC406C80066BD75 /* Build configuration list for PBXNativeTarget "MuelleAmortiguado" */;
			buildPhases = (
				5CF6E4321BC406C80066BD75 /* Sources */,
				5CF6E4331BC406C80066BD75 /* Frameworks */,
				5CF6E4341BC406C80066BD75 /* Resources */,
			);
			buildRules = (
			);
			dependencies = (
			);
			name = MuelleAmortiguado;
			productName = MuelleAmortiguado;
			productReference = 5CF6E4361BC406C80066BD75 /* MuelleAmortiguado.app */;
			productType = "com.apple.product-type.application";
		};
		5CF6E4491BC406C80066BD75 /* MuelleAmortiguadoTests */ = {
			isa = PBXNativeTarget;
			buildConfigurationList = 5CF6E4611BC406C80066BD75 /* Build configuration list for PBXNativeTarget "MuelleAmortiguadoTests" */;
			buildPhases = (
				5CF6E4461BC406C80066BD75 /* Sources */,
				5CF6E4471BC406C80066BD75 /* Frameworks */,
				5CF6E4481BC406C80066BD75 /* Resources */,
			);
			buildRules = (
			);
			dependencies = (
				5CF6E44C1BC406C80066BD75 /* PBXTargetDependency */,
			);
			name = MuelleAmortiguadoTests;
			productName = MuelleAmortiguadoTests;
			productReference = 5CF6E44A1BC406C80066BD75 /* MuelleAmortiguadoTests.xctest */;
			productType = "com.apple.product-type.bundle.unit-test";
		};
		5CF6E4541BC406C80066BD75 /* MuelleAmortiguadoUITests */ = {
			isa = PBXNativeTarget;
			buildConfigurationList = 5CF6E4641BC406C80066BD75 /* Build configuration list for PBXNativeTarget "MuelleAmortiguadoUITests" */;
			buildPhases = (
				5CF6E4511BC406C80066BD75 /* Sources */,
				5CF6E4521BC406C80066BD75 /* Frameworks */,
				5CF6E4531BC406C80066BD75 /* Resources */,
			);
			buildRules = (
			);
			dependencies = (
				5CF6E4571BC406C80066BD75 /* PBXTargetDependency */,
			);
			name = MuelleAmortiguadoUITests;
			productName = MuelleAmortiguadoUITests;
			productReference = 5CF6E4551BC406C80066BD75 /* MuelleAmortiguadoUITests.xctest */;
			productType = "com.apple.product-type.bundle.ui-testing";
		};
/* End PBXNativeTarget section */

/* Begin PBXProject section */
		5CF6E42E1BC406C70066BD75 /* Project object */ = {
			isa = PBXProject;
			attributes = {
				LastUpgradeCheck = 0700;
				ORGANIZATIONNAME = "g336 DIT UPM";
				TargetAttributes = {
					5CF6E4351BC406C80066BD75 = {
						CreatedOnToolsVersion = 7.0;
					};
					5CF6E4491BC406C80066BD75 = {
						CreatedOnToolsVersion = 7.0;
						TestTargetID = 5CF6E4351BC406C80066BD75;
					};
					5CF6E4541BC406C80066BD75 = {
						CreatedOnToolsVersion = 7.0;
						TestTargetID = 5CF6E4351BC406C80066BD75;
					};
				};
			};
			buildConfigurationList = 5CF6E4311BC406C70066BD75 /* Build configuration list for PBXProject "MuelleAmortiguado" */;
			compatibilityVersion = "Xcode 3.2";
			developmentRegion = English;
			hasScannedForEncodings = 0;
			knownRegions = (
				en,
				Base,
			);
			mainGroup = 5CF6E42D1BC406C70066BD75;
			productRefGroup = 5CF6E4371BC406C80066BD75 /* Products */;
			projectDirPath = "";
			projectRoot = "";
			targets = (
				5CF6E4351BC406C80066BD75 /* MuelleAmortiguado */,
				5CF6E4491BC406C80066BD75 /* MuelleAmortiguadoTests */,
				5CF6E4541BC406C80066BD75 /* MuelleAmortiguadoUITests */,
			);
		};
/* End PBXProject section */

/* Begin PBXResourcesBuildPhase section */
		5CF6E4341BC406C80066BD75 /* Resources */ = {
			isa = PBXResourcesBuildPhase;
			buildActionMask = 2147483647;
			files = (
				5CF6E4441BC406C80066BD75 /* LaunchScreen.storyboard in Resources */,
				5CF6E4411BC406C80066BD75 /* Assets.xcassets in Resources */,
				5CF6E43F1BC406C80066BD75 /* Main.storyboard in Resources */,
			);
			runOnlyForDeploymentPostprocessing = 0;
		};
		5CF6E4481BC406C80066BD75 /* Resources */ = {
			isa = PBXResourcesBuildPhase;
			buildActionMask = 2147483647;
			files = (
			);
			runOnlyForDeploymentPostprocessing = 0;
		};
		5CF6E4531BC406C80066BD75 /* Resources */ = {
			isa = PBXResourcesBuildPhase;
			buildActionMask = 2147483647;
			files = (
			);
			runOnlyForDeploymentPostprocessing = 0;
		};
/* End PBXResourcesBuildPhase section */

/* Begin PBXSourcesBuildPhase section */
		5CF6E4321BC406C80066BD75 /* Sources */ = {
			isa = PBXSourcesBuildPhase;
			buildActionMask = 2147483647;
			files = (
				5CF6E43C1BC406C80066BD75 /* ViewController.swift in Sources */,
				5CF6E43A1BC406C80066BD75 /* AppDelegate.swift in Sources */,
			);
			runOnlyForDeploymentPostprocessing = 0;
		};
		5CF6E4461BC406C80066BD75 /* Sources */ = {
			isa = PBXSourcesBuildPhase;
			buildActionMask = 2147483647;
			files = (
				5CF6E44F1BC406C80066BD75 /* MuelleAmortiguadoTests.swift in Sources */,
			);
			runOnlyForDeploymentPostprocessing = 0;
		};
		5CF6E4511BC406C80066BD75 /* Sources */ = {
			isa = PBXSourcesBuildPhase;
			buildActionMask = 2147483647;
			files = (
				5CF6E45A1BC406C80066BD75 /* MuelleAmortiguadoUITests.swift in Sources */,
			);
			runOnlyForDeploymentPostprocessing = 0;
		};
/* End PBXSourcesBuildPhase section */

/* Begin PBXTargetDependency section */
		5CF6E44C1BC406C80066BD75 /* PBXTargetDependency */ = {
			isa = PBXTargetDependency;
			target = 5CF6E4351BC406C80066BD75 /* MuelleAmortiguado */;
			targetProxy = 5CF6E44B1BC406C80066BD75 /* PBXContainerItemProxy */;
		};
		5CF6E4571BC406C80066BD75 /* PBXTargetDependency */ = {
			isa = PBXTargetDependency;
			target = 5CF6E4351BC406C80066BD75 /* MuelleAmortiguado */;
			targetProxy = 5CF6E4561BC406C80066BD75 /* PBXContainerItemProxy */;
		};
/* End PBXTargetDependency section */

/* Begin PBXVariantGroup section */
		5CF6E43D1BC406C80066BD75 /* Main.storyboard */ = {
			isa = PBXVariantGroup;
			children = (
				5CF6E43E1BC406C80066BD75 /* Base */,
			);
			name = Main.storyboard;
			sourceTree = "<group>";
		};
		5CF6E4421BC406C80066BD75 /* LaunchScreen.storyboard */ = {
			isa = PBXVariantGroup;
			children = (
				5CF6E4431BC406C80066BD75 /* Base */,
			);
			name = LaunchScreen.storyboard;
			sourceTree = "<group>";
		};
/* End PBXVariantGroup section */

/* Begin XCBuildConfiguration section */
		5CF6E45C1BC406C80066BD75 /* Debug */ = {
			isa = XCBuildConfiguration;
			buildSettings = {
				ALWAYS_SEARCH_USER_PATHS = NO;
				CLANG_CXX_LANGUAGE_STANDARD = "gnu++0x";
				CLANG_CXX_LIBRARY = "libc++";
				CLANG_ENABLE_MODULES = YES;
				CLANG_ENABLE_OBJC_ARC = YES;
				CLANG_WARN_BOOL_CONVERSION = YES;
				CLANG_WARN_CONSTANT_CONVERSION = YES;
				CLANG_WARN_DIRECT_OBJC_ISA_USAGE = YES_ERROR;
				CLANG_WARN_EMPTY_BODY = YES;
				CLANG_WARN_ENUM_CONVERSION = YES;
				CLANG_WARN_INT_CONVERSION = YES;
				CLANG_WARN_OBJC_ROOT_CLASS = YES_ERROR;
				CLANG_WARN_UNREACHABLE_CODE = YES;
				CLANG_WARN__DUPLICATE_METHOD_MATCH = YES;
				"CODE_SIGN_IDENTITY[sdk=iphoneos*]" = "iPhone Developer";
				COPY_PHASE_STRIP = NO;
				DEBUG_INFORMATION_FORMAT = dwarf;
				ENABLE_STRICT_OBJC_MSGSEND = YES;
				ENABLE_TESTABILITY = YES;
				GCC_C_LANGUAGE_STANDARD = gnu99;
				GCC_DYNAMIC_NO_PIC = NO;
				GCC_NO_COMMON_BLOCKS = YES;
				GCC_OPTIMIZATION_LEVEL = 0;
				GCC_PREPROCESSOR_DEFINITIONS = (
					"DEBUG=1",
					"$(inherited)",
				);
				GCC_WARN_64_TO_32_BIT_CONVERSION = YES;
				GCC_WARN_ABOUT_RETURN_TYPE = YES_ERROR;
				GCC_WARN_UNDECLARED_SELECTOR = YES;
				GCC_WARN_UNINITIALIZED_AUTOS = YES_AGGRESSIVE;
				GCC_WARN_UNUSED_FUNCTION = YES;
				GCC_WARN_UNUSED_VARIABLE = YES;
				IPHONEOS_DEPLOYMENT_TARGET = 9.0;
				MTL_ENABLE_DEBUG_INFO = YES;
				ONLY_ACTIVE_ARCH = YES;
				SDKROOT = iphoneos;
				SWIFT_OPTIMIZATION_LEVEL = "-Onone";
				TARGETED_DEVICE_FAMILY = "1,2";
			};
			name = Debug;
		};
		5CF6E45D1BC406C80066BD75 /* Release */ = {
			isa = XCBuildConfiguration;
			buildSettings = {
				ALWAYS_SEARCH_USER_PATHS = NO;
				CLANG_CXX_LANGUAGE_STANDARD = "gnu++0x";
				CLANG_CXX_LIBRARY = "libc++";
				CLANG_ENABLE_MODULES = YES;
				CLANG_ENABLE_OBJC_ARC = YES;
				CLANG_WARN_BOOL_CONVERSION = YES;
				CLANG_WARN_CONSTANT_CONVERSION = YES;
				CLANG_WARN_DIRECT_OBJC_ISA_USAGE = YES_ERROR;
				CLANG_WARN_EMPTY_BODY = YES;
				CLANG_WARN_ENUM_CONVERSION = YES;
				CLANG_WARN_INT_CONVERSION = YES;
				CLANG_WARN_OBJC_ROOT_CLASS = YES_ERROR;
				CLANG_WARN_UNREACHABLE_CODE = YES;
				CLANG_WARN__DUPLICATE_METHOD_MATCH = YES;
				"CODE_SIGN_IDENTITY[sdk=iphoneos*]" = "iPhone Developer";
				COPY_PHASE_STRIP = NO;
				DEBUG_INFORMATION_FORMAT = "dwarf-with-dsym";
				ENABLE_NS_ASSERTIONS = NO;
				ENABLE_STRICT_OBJC_MSGSEND = YES;
				GCC_C_LANGUAGE_STANDARD = gnu99;
				GCC_NO_COMMON_BLOCKS = YES;
				GCC_WARN_64_TO_32_BIT_CONVERSION = YES;
				GCC_WARN_ABOUT_RETURN_TYPE = YES_ERROR;
				GCC_WARN_UNDECLARED_SELECTOR = YES;
				GCC_WARN_UNINITIALIZED_AUTOS = YES_AGGRESSIVE;
				GCC_WARN_UNUSED_FUNCTION = YES;
				GCC_WARN_UNUSED_VARIABLE = YES;
				IPHONEOS_DEPLOYMENT_TARGET = 9.0;
				MTL_ENABLE_DEBUG_INFO = NO;
				SDKROOT = iphoneos;
				TARGETED_DEVICE_FAMILY = "1,2";
				VALIDATE_PRODUCT = YES;
			};
			name = Release;
		};
		5CF6E45F1BC406C80066BD75 /* Debug */ = {
			isa = XCBuildConfiguration;
			buildSettings = {
				ASSETCATALOG_COMPILER_APPICON_NAME = AppIcon;
				INFOPLIST_FILE = MuelleAmortiguado/Info.plist;
				LD_RUNPATH_SEARCH_PATHS = "$(inherited) @executable_path/Frameworks";
				PRODUCT_BUNDLE_IDENTIFIER = es.upm.MuelleAmortiguado;
				PRODUCT_NAME = "$(TARGET_NAME)";
			};
			name = Debug;
		};
		5CF6E4601BC406C80066BD75 /* Release */ = {
			isa = XCBuildConfiguration;
			buildSettings = {
				ASSETCATALOG_COMPILER_APPICON_NAME = AppIcon;
				INFOPLIST_FILE = MuelleAmortiguado/Info.plist;
				LD_RUNPATH_SEARCH_PATHS = "$(inherited) @executable_path/Frameworks";
				PRODUCT_BUNDLE_IDENTIFIER = es.upm.MuelleAmortiguado;
				PRODUCT_NAME = "$(TARGET_NAME)";
			};
			name = Release;
		};
		5CF6E4621BC406C80066BD75 /* Debug */ = {
			isa = XCBuildConfiguration;
			buildSettings = {
				BUNDLE_LOADER = "$(TEST_HOST)";
				INFOPLIST_FILE = MuelleAmortiguadoTests/Info.plist;
				LD_RUNPATH_SEARCH_PATHS = "$(inherited) @executable_path/Frameworks @loader_path/Frameworks";
				PRODUCT_BUNDLE_IDENTIFIER = es.upm.MuelleAmortiguadoTests;
				PRODUCT_NAME = "$(TARGET_NAME)";
				TEST_HOST = "$(BUILT_PRODUCTS_DIR)/MuelleAmortiguado.app/MuelleAmortiguado";
			};
			name = Debug;
		};
		5CF6E4631BC406C80066BD75 /* Release */ = {
			isa = XCBuildConfiguration;
			buildSettings = {
				BUNDLE_LOADER = "$(TEST_HOST)";
				INFOPLIST_FILE = MuelleAmortiguadoTests/Info.plist;
				LD_RUNPATH_SEARCH_PATHS = "$(inherited) @executable_path/Frameworks @loader_path/Frameworks";
				PRODUCT_BUNDLE_IDENTIFIER = es.upm.MuelleAmortiguadoTests;
				PRODUCT_NAME = "$(TARGET_NAME)";
				TEST_HOST = "$(BUILT_PRODUCTS_DIR)/MuelleAmortiguado.app/MuelleAmortiguado";
			};
			name = Release;
		};
		5CF6E4651BC406C80066BD75 /* Debug */ = {
			isa = XCBuildConfiguration;
			buildSettings = {
				INFOPLIST_FILE = MuelleAmortiguadoUITests/Info.plist;
				LD_RUNPATH_SEARCH_PATHS = "$(inherited) @executable_path/Frameworks @loader_path/Frameworks";
				PRODUCT_BUNDLE_IDENTIFIER = es.upm.MuelleAmortiguadoUITests;
				PRODUCT_NAME = "$(TARGET_NAME)";
				TEST_TARGET_NAME = MuelleAmortiguado;
				USES_XCTRUNNER = YES;
			};
			name = Debug;
		};
		5CF6E4661BC406C80066BD75 /* Release */ = {
			isa = XCBuildConfiguration;
			buildSettings = {
				INFOPLIST_FILE = MuelleAmortiguadoUITests/Info.plist;
				LD_RUNPATH_SEARCH_PATHS = "$(inherited) @executable_path/Frameworks @loader_path/Frameworks";
				PRODUCT_BUNDLE_IDENTIFIER = es.upm.MuelleAmortiguadoUITests;
				PRODUCT_NAME = "$(TARGET_NAME)";
				TEST_TARGET_NAME = MuelleAmortiguado;
				USES_XCTRUNNER = YES;
			};
			name = Release;
		};
/* End XCBuildConfiguration section */

/* Begin XCConfigurationList section */
		5CF6E4311BC406C70066BD75 /* Build configuration list for PBXProject "MuelleAmortiguado" */ = {
			isa = XCConfigurationList;
			buildConfigurations = (
				5CF6E45C1BC406C80066BD75 /* Debug */,
				5CF6E45D1BC406C80066BD75 /* Release */,
			);
			defaultConfigurationIsVisible = 0;
			defaultConfigurationName = Release;
		};
		5CF6E45E1BC406C80066BD75 /* Build configuration list for PBXNativeTarget "MuelleAmortiguado" */ = {
			isa = XCConfigurationList;
			buildConfigurations = (
				5CF6E45F1BC406C80066BD75 /* Debug */,
				5CF6E4601BC406C80066BD75 /* Release */,
			);
			defaultConfigurationIsVisible = 0;
		};
		5CF6E4611BC406C80066BD75 /* Build configuration list for PBXNativeTarget "MuelleAmortiguadoTests" */ = {
			isa = XCConfigurationList;
			buildConfigurations = (
				5CF6E4621BC406C80066BD75 /* Debug */,
				5CF6E4631BC406C80066BD75 /* Release */,
			);
			defaultConfigurationIsVisible = 0;
		};
		5CF6E4641BC406C80066BD75 /* Build configuration list for PBXNativeTarget "MuelleAmortiguadoUITests" */ = {
			isa = XCConfigurationList;
			buildConfigurations = (
				5CF6E4651BC406C80066BD75 /* Debug */,
				5CF6E4661BC406C80066BD75 /* Release */,
			);
			defaultConfigurationIsVisible = 0;
		};
/* End XCConfigurationList section */
	};
	rootObject = 5CF6E42E1BC406C70066BD75 /* Project object */;
}
